
Microsoft Visual Studio Solution File, Format Version 12.00
# Visual Studio 15
VisualStudioVersion = 15.0.26430.14
MinimumVisualStudioVersion = 10.0.40219.1
Project("{CC5FD16D-436D-48AD-A40C-5A424C6E3E79}") = "AzureSearcherWebRole", "AzureSearcherWebRole\AzureSearcherWebRole.ccproj", "{B191BD35-21A5-4EB1-8EA2-5F8931AB0800}"
EndProject
Project("{FAE04EC0-301F-11D3-BF4B-00C04F79EFBC}") = "WebSearcherWebRole", "WebSearcherWebRole\WebSearcherWebRole.csproj", "{3A9BC610-7478-4A91-AF30-630883679215}"
EndProject
Project("{CC5FD16D-436D-48AD-A40C-5A424C6E3E79}") = "AzureSearcherWorkerRole", "AzureSearcherWorkerRole\AzureSearcherWorkerRole.ccproj", "{35DA2791-6497-4505-AEB9-994FE8C9F8AC}"
EndProject
Project("{FAE04EC0-301F-11D3-BF4B-00C04F79EFBC}") = "WebSearcherWorkerRole", "WebSearcherWorkerRole\WebSearcherWorkerRole.csproj", "{BD7A0ADC-4BBD-43DD-B5A5-1AE595805021}"
EndProject
Project("{FAE04EC0-301F-11D3-BF4B-00C04F79EFBC}") = "WebSearcherCommon", "WebSearcherCommon\WebSearcherCommon.csproj", "{BAB39BFA-7078-4F80-8B4B-57CBFAB4197F}"
EndProject
Project("{2150E333-8FDC-42A3-9474-1A3956D46DE8}") = "Solution Items", "Solution Items", "{EB0DB9EA-2A38-49EC-9025-7FA3BD4A10C1}"
	ProjectSection(SolutionItems) = preProject
		CreateDataBase.Admin.sql = CreateDataBase.Admin.sql
		CreateDataBase.Crawler.sql = CreateDataBase.Crawler.sql
		CreateDataBase.Histo.sql = CreateDataBase.Histo.sql
		CreateDataBase.Manager.sql = CreateDataBase.Manager.sql
		CreateDataBase.Searcher.sql = CreateDataBase.Searcher.sql
		CreateDataBase.sql = CreateDataBase.sql
		CreateDataBase.Users.sql = CreateDataBase.Users.sql
		README.md = README.md
		TestTorWebSearcherWebRole.bat = TestTorWebSearcherWebRole.bat
		TestTorWebSearcherWorkerRole.bat = TestTorWebSearcherWorkerRole.bat
	EndProjectSection
EndProject
Project("{FAE04EC0-301F-11D3-BF4B-00C04F79EFBC}") = "GetPretyOnionName", "GetPretyOnionName\GetPretyOnionName.csproj", "{58C6728B-E495-4754-93A4-05986DC91C5A}"
EndProject
Project("{FAE04EC0-301F-11D3-BF4B-00C04F79EFBC}") = "WebSearcherManagerRole", "WebSearcherManagerRole\WebSearcherManagerRole.csproj", "{90423BAF-1039-41D7-950A-E6BE2BDA0460}"
EndProject
Global
	GlobalSection(SolutionConfigurationPlatforms) = preSolution
		Debug|Any CPU = Debug|Any CPU
		Release|Any CPU = Release|Any CPU
	EndGlobalSection
	GlobalSection(ProjectConfigurationPlatforms) = postSolution
		{B191BD35-21A5-4EB1-8EA2-5F8931AB0800}.Debug|Any CPU.ActiveCfg = Debug|Any CPU
		{B191BD35-21A5-4EB1-8EA2-5F8931AB0800}.Debug|Any CPU.Build.0 = Debug|Any CPU
		{B191BD35-21A5-4EB1-8EA2-5F8931AB0800}.Release|Any CPU.ActiveCfg = Release|Any CPU
		{B191BD35-21A5-4EB1-8EA2-5F8931AB0800}.Release|Any CPU.Build.0 = Release|Any CPU
		{3A9BC610-7478-4A91-AF30-630883679215}.Debug|Any CPU.ActiveCfg = Debug|Any CPU
		{3A9BC610-7478-4A91-AF30-630883679215}.Debug|Any CPU.Build.0 = Debug|Any CPU
		{3A9BC610-7478-4A91-AF30-630883679215}.Release|Any CPU.ActiveCfg = Release|Any CPU
		{3A9BC610-7478-4A91-AF30-630883679215}.Release|Any CPU.Build.0 = Release|Any CPU
		{35DA2791-6497-4505-AEB9-994FE8C9F8AC}.Debug|Any CPU.ActiveCfg = Debug|Any CPU
		{35DA2791-6497-4505-AEB9-994FE8C9F8AC}.Debug|Any CPU.Build.0 = Debug|Any CPU
		{35DA2791-6497-4505-AEB9-994FE8C9F8AC}.Release|Any CPU.ActiveCfg = Release|Any CPU
		{35DA2791-6497-4505-AEB9-994FE8C9F8AC}.Release|Any CPU.Build.0 = Release|Any CPU
		{BD7A0ADC-4BBD-43DD-B5A5-1AE595805021}.Debug|Any CPU.ActiveCfg = Debug|Any CPU
		{BD7A0ADC-4BBD-43DD-B5A5-1AE595805021}.Debug|Any CPU.Build.0 = Debug|Any CPU
		{BD7A0ADC-4BBD-43DD-B5A5-1AE595805021}.Release|Any CPU.ActiveCfg = Release|Any CPU
		{BD7A0ADC-4BBD-43DD-B5A5-1AE595805021}.Release|Any CPU.Build.0 = Release|Any CPU
		{BAB39BFA-7078-4F80-8B4B-57CBFAB4197F}.Debug|Any CPU.ActiveCfg = Debug|Any CPU
		{BAB39BFA-7078-4F80-8B4B-57CBFAB4197F}.Debug|Any CPU.Build.0 = Debug|Any CPU
		{BAB39BFA-7078-4F80-8B4B-57CBFAB4197F}.Release|Any CPU.ActiveCfg = Release|Any CPU
		{BAB39BFA-7078-4F80-8B4B-57CBFAB4197F}.Release|Any CPU.Build.0 = Release|Any CPU
		{58C6728B-E495-4754-93A4-05986DC91C5A}.Debug|Any CPU.ActiveCfg = Debug|Any CPU
		{58C6728B-E495-4754-93A4-05986DC91C5A}.Debug|Any CPU.Build.0 = Debug|Any CPU
		{58C6728B-E495-4754-93A4-05986DC91C5A}.Release|Any CPU.ActiveCfg = Release|Any CPU
		{58C6728B-E495-4754-93A4-05986DC91C5A}.Release|Any CPU.Build.0 = Release|Any CPU
		{90423BAF-1039-41D7-950A-E6BE2BDA0460}.Debug|Any CPU.ActiveCfg = Debug|Any CPU
		{90423BAF-1039-41D7-950A-E6BE2BDA0460}.Debug|Any CPU.Build.0 = Debug|Any CPU
		{90423BAF-1039-41D7-950A-E6BE2BDA0460}.Release|Any CPU.ActiveCfg = Release|Any CPU
		{90423BAF-1039-41D7-950A-E6BE2BDA0460}.Release|Any CPU.Build.0 = Release|Any CPU
	EndGlobalSection
	GlobalSection(SolutionProperties) = preSolution
		HideSolutionNode = FALSE
	EndGlobalSection
EndGlobal
